
Microsoft Visual Studio Solution File, Format Version 12.00
# Visual Studio Version 17
VisualStudioVersion = 17.1.32228.430
MinimumVisualStudioVersion = 10.0.40219.1
Project("{FAE04EC0-301F-11D3-BF4B-00C04F79EFBC}") = "ServerFCMForAndroipdB", "ServerFCMForAndroipdB.csproj", "{8F412E87-FC09-4509-B7F8-341DA9E9B295}"
EndProject
Global
	GlobalSection(SolutionConfigurationPlatforms) = preSolution
		Debug|Any CPU = Debug|Any CPU
		Release|Any CPU = Release|Any CPU
	EndGlobalSection
	GlobalSection(ProjectConfigurationPlatforms) = postSolution
		{8F412E87-FC09-4509-B7F8-341DA9E9B295}.Debug|Any CPU.ActiveCfg = Debug|Any CPU
		{8F412E87-FC09-4509-B7F8-341DA9E9B295}.Debug|Any CPU.Build.0 = Debug|Any CPU
		{8F412E87-FC09-4509-B7F8-341DA9E9B295}.Release|Any CPU.ActiveCfg = Release|Any CPU
		{8F412E87-FC09-4509-B7F8-341DA9E9B295}.Release|Any CPU.Build.0 = Release|Any CPU
	EndGlobalSection
	GlobalSection(SolutionProperties) = preSolution
		HideSolutionNode = FALSE
	EndGlobalSection
	GlobalSection(ExtensibilityGlobals) = postSolution
		SolutionGuid = {F50ACFF0-EB60-4259-891F-230BE8D6D0F5}
	EndGlobalSection
EndGlobal
